Microsoft Visual Studio Solution File, Format Version 10.00
# Visual Studio 2008

Project("{898EE50F-F519-B9EE-C232-7E3597CDAD5B}") = "Pacman", "Assembly-CSharp-firstpass-vs.csproj", "{5525D837-DECC-4481-5D8F-A9D5EE6DB1A6}"
EndProject
Global
	GlobalSection(SolutionConfigurationPlatforms) = preSolution
		Debug|Any CPU = Debug|Any CPU
		Release|Any CPU = Release|Any CPU
	EndGlobalSection
	GlobalSection(ProjectConfigurationPlatforms) = postSolution
		{5525D837-DECC-4481-5D8F-A9D5EE6DB1A6}.Debug|Any CPU.ActiveCfg = Debug|Any CPU
		{5525D837-DECC-4481-5D8F-A9D5EE6DB1A6}.Debug|Any CPU.Build.0 = Debug|Any CPU
		{5525D837-DECC-4481-5D8F-A9D5EE6DB1A6}.Release|Any CPU.ActiveCfg = Release|Any CPU
		{5525D837-DECC-4481-5D8F-A9D5EE6DB1A6}.Release|Any CPU.Build.0 = Release|Any CPU
	EndGlobalSection
	GlobalSection(SolutionProperties) = preSolution
		HideSolutionNode = FALSE
	EndGlobalSection
	
EndGlobal
